
Microsoft Visual Studio Solution File, Format Version 12.00
# Visual Studio Version 16
VisualStudioVersion = 16.0.31410.357
MinimumVisualStudioVersion = 10.0.40219.1
Project("{9A19103F-16F7-4668-BE54-9A1E7A4F7556}") = "BlazorWASMPagination", "BlazorWASMPagination\BlazorWASMPagination.csproj", "{C928CE53-A5D4-4D60-BA4F-283EF05A9D01}"
EndProject
Global
	GlobalSection(SolutionConfigurationPlatforms) = preSolution
		Debug|Any CPU = Debug|Any CPU
		Release|Any CPU = Release|Any CPU
	EndGlobalSection
	GlobalSection(ProjectConfigurationPlatforms) = postSolution
		{C928CE53-A5D4-4D60-BA4F-283EF05A9D01}.Debug|Any CPU.ActiveCfg = Debug|Any CPU
		{C928CE53-A5D4-4D60-BA4F-283EF05A9D01}.Debug|Any CPU.Build.0 = Debug|Any CPU
		{C928CE53-A5D4-4D60-BA4F-283EF05A9D01}.Release|Any CPU.ActiveCfg = Release|Any CPU
		{C928CE53-A5D4-4D60-BA4F-283EF05A9D01}.Release|Any CPU.Build.0 = Release|Any CPU
	EndGlobalSection
	GlobalSection(SolutionProperties) = preSolution
		HideSolutionNode = FALSE
	EndGlobalSection
	GlobalSection(ExtensibilityGlobals) = postSolution
		SolutionGuid = {7F1798EC-B44A-4491-AACA-E9B881975B47}
	EndGlobalSection
EndGlobal
